
Microsoft Visual Studio Solution File, Format Version 12.00
# Visual Studio 2013
VisualStudioVersion = 12.0.30723.0
MinimumVisualStudioVersion = 10.0.40219.1
Project("{FAE04EC0-301F-11D3-BF4B-00C04F79EFBC}") = "SocialSmith.ActivityStreams", "src\SocialSmith.ActivityStreams\SocialSmith.ActivityStreams.csproj", "{C05C8420-9948-493C-BB0B-096482BE33C0}"
EndProject
Project("{FAE04EC0-301F-11D3-BF4B-00C04F79EFBC}") = "SocialSmith.ActivityStreams.EntityFramework", "src\SocialSmith.ActivityStreams.EntityFramework\SocialSmith.ActivityStreams.EntityFramework.csproj", "{258D9737-67CE-4DBC-A8F9-7ED1A8A28144}"
EndProject
Project("{FAE04EC0-301F-11D3-BF4B-00C04F79EFBC}") = "SocialSmith.Blogs", "src\SocialSmith.Blogs\SocialSmith.Blogs.csproj", "{5BF19719-714B-47BC-9795-8296BBE3E08D}"
EndProject
Project("{FAE04EC0-301F-11D3-BF4B-00C04F79EFBC}") = "SocialSmith.Blogs.EntityFramework", "src\SocialSmith.Blogs.EntityFramework\SocialSmith.Blogs.EntityFramework.csproj", "{BF01EA31-F800-4D75-8EDA-F19AC81A37A9}"
EndProject
Project("{FAE04EC0-301F-11D3-BF4B-00C04F79EFBC}") = "SocialSmith.Comments", "src\SocialSmith.Comments\SocialSmith.Comments.csproj", "{8E3C8E95-0DA5-4F81-B37D-C2FCA7134D96}"
EndProject
Project("{FAE04EC0-301F-11D3-BF4B-00C04F79EFBC}") = "SocialSmith.Comments.EntityFramework", "src\SocialSmith.Comments.EntityFramework\SocialSmith.Comments.EntityFramework.csproj", "{4F194886-B831-4DC2-A4CD-7CB6ABA9A3AA}"
EndProject
Project("{FAE04EC0-301F-11D3-BF4B-00C04F79EFBC}") = "SocialSmith.Groups", "src\SocialSmith.Groups\SocialSmith.Groups.csproj", "{5398CD8F-A088-48F1-BD5A-FCEA271B88BF}"
EndProject
Project("{FAE04EC0-301F-11D3-BF4B-00C04F79EFBC}") = "SocialSmith.Groups.EntityFramework", "src\SocialSmith.Groups.EntityFramework\SocialSmith.Groups.EntityFramework.csproj", "{9A30FB08-6F42-45AC-B4F8-6D2FC7E71EC0}"
EndProject
Project("{FAE04EC0-301F-11D3-BF4B-00C04F79EFBC}") = "SocialSmith.Profiles", "src\SocialSmith.Profiles\SocialSmith.Profiles.csproj", "{B0131C2A-96A9-4E83-BB85-6AAC5A9F7025}"
EndProject
Project("{FAE04EC0-301F-11D3-BF4B-00C04F79EFBC}") = "SocialSmith.Profiles.EntityFramework", "src\SocialSmith.Profiles.EntityFramework\SocialSmith.Profiles.EntityFramework.csproj", "{A6C13CF3-EBE1-4E40-BF14-3C2B6C91690F}"
EndProject
Project("{2150E333-8FDC-42A3-9474-1A3956D46DE8}") = "Solution Items", "Solution Items", "{CF835907-F25C-4A92-87A7-349E3D6D3823}"
	ProjectSection(SolutionItems) = preProject
		base.nuspec = base.nuspec
		build.cmd = build.cmd
		build.fsx = build.fsx
		CONTRIBUTING.md = CONTRIBUTING.md
		DEPLOYMENT.md = DEPLOYMENT.md
		LICENSE.txt = LICENSE.txt
		README.md = README.md
		SolutionInfo.cs = SolutionInfo.cs
	EndProjectSection
EndProject
Global
	GlobalSection(SolutionConfigurationPlatforms) = preSolution
		Debug|Any CPU = Debug|Any CPU
		Release|Any CPU = Release|Any CPU
	EndGlobalSection
	GlobalSection(ProjectConfigurationPlatforms) = postSolution
		{C05C8420-9948-493C-BB0B-096482BE33C0}.Debug|Any CPU.ActiveCfg = Debug|Any CPU
		{C05C8420-9948-493C-BB0B-096482BE33C0}.Debug|Any CPU.Build.0 = Debug|Any CPU
		{C05C8420-9948-493C-BB0B-096482BE33C0}.Release|Any CPU.ActiveCfg = Release|Any CPU
		{C05C8420-9948-493C-BB0B-096482BE33C0}.Release|Any CPU.Build.0 = Release|Any CPU
		{258D9737-67CE-4DBC-A8F9-7ED1A8A28144}.Debug|Any CPU.ActiveCfg = Debug|Any CPU
		{258D9737-67CE-4DBC-A8F9-7ED1A8A28144}.Debug|Any CPU.Build.0 = Debug|Any CPU
		{258D9737-67CE-4DBC-A8F9-7ED1A8A28144}.Release|Any CPU.ActiveCfg = Release|Any CPU
		{258D9737-67CE-4DBC-A8F9-7ED1A8A28144}.Release|Any CPU.Build.0 = Release|Any CPU
		{5BF19719-714B-47BC-9795-8296BBE3E08D}.Debug|Any CPU.ActiveCfg = Debug|Any CPU
		{5BF19719-714B-47BC-9795-8296BBE3E08D}.Debug|Any CPU.Build.0 = Debug|Any CPU
		{5BF19719-714B-47BC-9795-8296BBE3E08D}.Release|Any CPU.ActiveCfg = Release|Any CPU
		{5BF19719-714B-47BC-9795-8296BBE3E08D}.Release|Any CPU.Build.0 = Release|Any CPU
		{BF01EA31-F800-4D75-8EDA-F19AC81A37A9}.Debug|Any CPU.ActiveCfg = Debug|Any CPU
		{BF01EA31-F800-4D75-8EDA-F19AC81A37A9}.Debug|Any CPU.Build.0 = Debug|Any CPU
		{BF01EA31-F800-4D75-8EDA-F19AC81A37A9}.Release|Any CPU.ActiveCfg = Release|Any CPU
		{BF01EA31-F800-4D75-8EDA-F19AC81A37A9}.Release|Any CPU.Build.0 = Release|Any CPU
		{8E3C8E95-0DA5-4F81-B37D-C2FCA7134D96}.Debug|Any CPU.ActiveCfg = Debug|Any CPU
		{8E3C8E95-0DA5-4F81-B37D-C2FCA7134D96}.Debug|Any CPU.Build.0 = Debug|Any CPU
		{8E3C8E95-0DA5-4F81-B37D-C2FCA7134D96}.Release|Any CPU.ActiveCfg = Release|Any CPU
		{8E3C8E95-0DA5-4F81-B37D-C2FCA7134D96}.Release|Any CPU.Build.0 = Release|Any CPU
		{4F194886-B831-4DC2-A4CD-7CB6ABA9A3AA}.Debug|Any CPU.ActiveCfg = Debug|Any CPU
		{4F194886-B831-4DC2-A4CD-7CB6ABA9A3AA}.Debug|Any CPU.Build.0 = Debug|Any CPU
		{4F194886-B831-4DC2-A4CD-7CB6ABA9A3AA}.Release|Any CPU.ActiveCfg = Release|Any CPU
		{4F194886-B831-4DC2-A4CD-7CB6ABA9A3AA}.Release|Any CPU.Build.0 = Release|Any CPU
		{5398CD8F-A088-48F1-BD5A-FCEA271B88BF}.Debug|Any CPU.ActiveCfg = Debug|Any CPU
		{5398CD8F-A088-48F1-BD5A-FCEA271B88BF}.Debug|Any CPU.Build.0 = Debug|Any CPU
		{5398CD8F-A088-48F1-BD5A-FCEA271B88BF}.Release|Any CPU.ActiveCfg = Release|Any CPU
		{5398CD8F-A088-48F1-BD5A-FCEA271B88BF}.Release|Any CPU.Build.0 = Release|Any CPU
		{9A30FB08-6F42-45AC-B4F8-6D2FC7E71EC0}.Debug|Any CPU.ActiveCfg = Debug|Any CPU
		{9A30FB08-6F42-45AC-B4F8-6D2FC7E71EC0}.Debug|Any CPU.Build.0 = Debug|Any CPU
		{9A30FB08-6F42-45AC-B4F8-6D2FC7E71EC0}.Release|Any CPU.ActiveCfg = Release|Any CPU
		{9A30FB08-6F42-45AC-B4F8-6D2FC7E71EC0}.Release|Any CPU.Build.0 = Release|Any CPU
		{B0131C2A-96A9-4E83-BB85-6AAC5A9F7025}.Debug|Any CPU.ActiveCfg = Debug|Any CPU
		{B0131C2A-96A9-4E83-BB85-6AAC5A9F7025}.Debug|Any CPU.Build.0 = Debug|Any CPU
		{B0131C2A-96A9-4E83-BB85-6AAC5A9F7025}.Release|Any CPU.ActiveCfg = Release|Any CPU
		{B0131C2A-96A9-4E83-BB85-6AAC5A9F7025}.Release|Any CPU.Build.0 = Release|Any CPU
		{A6C13CF3-EBE1-4E40-BF14-3C2B6C91690F}.Debug|Any CPU.ActiveCfg = Debug|Any CPU
		{A6C13CF3-EBE1-4E40-BF14-3C2B6C91690F}.Debug|Any CPU.Build.0 = Debug|Any CPU
		{A6C13CF3-EBE1-4E40-BF14-3C2B6C91690F}.Release|Any CPU.ActiveCfg = Release|Any CPU
		{A6C13CF3-EBE1-4E40-BF14-3C2B6C91690F}.Release|Any CPU.Build.0 = Release|Any CPU
	EndGlobalSection
	GlobalSection(SolutionProperties) = preSolution
		HideSolutionNode = FALSE
	EndGlobalSection
EndGlobal
